
Microsoft Visual Studio Solution File, Format Version 12.00
# Visual Studio 14
VisualStudioVersion = 14.0.25420.1
MinimumVisualStudioVersion = 10.0.40219.1
Project("{FAE04EC0-301F-11D3-BF4B-00C04F79EFBC}") = "VXEN.TestApp", "VXEN.TestApp\VXEN.TestApp.csproj", "{3914A880-4A6F-4A92-B80B-F5C5D9A324B6}"
EndProject
Global
	GlobalSection(SolutionConfigurationPlatforms) = preSolution
		Debug|Any CPU = Debug|Any CPU
		Debug|Application = Debug|Application
		Release|Any CPU = Release|Any CPU
		Release|Application = Release|Application
	EndGlobalSection
	GlobalSection(ProjectConfigurationPlatforms) = postSolution
		{3914A880-4A6F-4A92-B80B-F5C5D9A324B6}.Debug|Any CPU.ActiveCfg = Debug|Any CPU
		{3914A880-4A6F-4A92-B80B-F5C5D9A324B6}.Debug|Any CPU.Build.0 = Debug|Any CPU
		{3914A880-4A6F-4A92-B80B-F5C5D9A324B6}.Debug|Application.ActiveCfg = Debug|Any CPU
		{3914A880-4A6F-4A92-B80B-F5C5D9A324B6}.Debug|Application.Build.0 = Debug|Any CPU
		{3914A880-4A6F-4A92-B80B-F5C5D9A324B6}.Release|Any CPU.ActiveCfg = Release|Any CPU
		{3914A880-4A6F-4A92-B80B-F5C5D9A324B6}.Release|Any CPU.Build.0 = Release|Any CPU
		{3914A880-4A6F-4A92-B80B-F5C5D9A324B6}.Release|Application.ActiveCfg = Release|Any CPU
		{3914A880-4A6F-4A92-B80B-F5C5D9A324B6}.Release|Application.Build.0 = Release|Any CPU
	EndGlobalSection
	GlobalSection(SolutionProperties) = preSolution
		HideSolutionNode = FALSE
	EndGlobalSection
EndGlobal
